
Microsoft Visual Studio Solution File, Format Version 12.00
# Visual Studio Version 17
VisualStudioVersion = 17.14.36202.13 d17.14
MinimumVisualStudioVersion = 10.0.40219.1
Project("{FAE04EC0-301F-11D3-BF4B-00C04F79EFBC}") = "FoodEcomerce", "FoodEcomerce\FoodEcomerce.csproj", "{E4179101-64BA-4CCC-ACBB-13AAC9359140}"
EndProject
Global
	GlobalSection(SolutionConfigurationPlatforms) = preSolution
		Debug|Any CPU = Debug|Any CPU
		Release|Any CPU = Release|Any CPU
	EndGlobalSection
	GlobalSection(ProjectConfigurationPlatforms) = postSolution
		{E4179101-64BA-4CCC-ACBB-13AAC9359140}.Debug|Any CPU.ActiveCfg = Debug|Any CPU
		{E4179101-64BA-4CCC-ACBB-13AAC9359140}.Debug|Any CPU.Build.0 = Debug|Any CPU
		{E4179101-64BA-4CCC-ACBB-13AAC9359140}.Release|Any CPU.ActiveCfg = Release|Any CPU
		{E4179101-64BA-4CCC-ACBB-13AAC9359140}.Release|Any CPU.Build.0 = Release|Any CPU
	EndGlobalSection
	GlobalSection(SolutionProperties) = preSolution
		HideSolutionNode = FALSE
	EndGlobalSection
	GlobalSection(ExtensibilityGlobals) = postSolution
		SolutionGuid = {28E0639C-9ACF-46DD-B211-39C1003E1547}
	EndGlobalSection
EndGlobal
